// !$*UTF8*$!
{
	archiveVersion = 1;
	classes = {
	};
	objectVersion = 46;
	objects = {

/* Begin PBXBuildFile section */
		8304E96F1F6DA99E008E331B /* AddViewController.swift in Sources */ = {isa = PBXBuildFile; fileRef = 8304E96E1F6DA99E008E331B /* AddViewController.swift */; };
		8304E9711F6DB704008E331B /* ItemsTableViewController.swift in Sources */ = {isa = PBXBuildFile; fileRef = 8304E9701F6DB704008E331B /* ItemsTableViewController.swift */; };
		835183E41F6D70FD0049BDA3 /* AppDelegate.swift in Sources */ = {isa = PBXBuildFile; fileRef = 835183E31F6D70FD0049BDA3 /* AppDelegate.swift */; };
		835183E91F6D70FE0049BDA3 /* Main.storyboard in Resources */ = {isa = PBXBuildFile; fileRef = 835183E71F6D70FE0049BDA3 /* Main.storyboard */; };
		835183EC1F6D70FE0049BDA3 /* nature_journal.xcdatamodeld in Sources */ = {isa = PBXBuildFile; fileRef = 835183EA1F6D70FE0049BDA3 /* nature_journal.xcdatamodeld */; };
		835183EE1F6D70FE0049BDA3 /* Assets.xcassets in Resources */ = {isa = PBXBuildFile; fileRef = 835183ED1F6D70FE0049BDA3 /* Assets.xcassets */; };
		835183F11F6D70FE0049BDA3 /* LaunchScreen.storyboard in Resources */ = {isa = PBXBuildFile; fileRef = 835183EF1F6D70FE0049BDA3 /* LaunchScreen.storyboard */; };
		83B167021F6EC40A00D5D76A /* ItemDetailViewController.swift in Sources */ = {isa = PBXBuildFile; fileRef = 83B167011F6EC40A00D5D76A /* ItemDetailViewController.swift */; };
/* End PBXBuildFile section */

/* Begin PBXFileReference section */
		8304E96E1F6DA99E008E331B /* AddViewController.swift */ = {isa = PBXFileReference; lastKnownFileType = sourcecode.swift; path = AddViewController.swift; sourceTree = "<group>"; };
		8304E9701F6DB704008E331B /* ItemsTableViewController.swift */ = {isa = PBXFileReference; lastKnownFileType = sourcecode.swift; path = ItemsTableViewController.swift; sourceTree = "<group>"; };
		835183E01F6D70FD0049BDA3 /* nature_journal.app */ = {isa = PBXFileReference; explicitFileType = wrapper.application; includeInIndex = 0; path = nature_journal.app; sourceTree = BUILT_PRODUCTS_DIR; };
		835183E31F6D70FD0049BDA3 /* AppDelegate.swift */ = {isa = PBXFileReference; lastKnownFileType = sourcecode.swift; path = AppDelegate.swift; sourceTree = "<group>"; };
		835183E81F6D70FE0049BDA3 /* Base */ = {isa = PBXFileReference; lastKnownFileType = file.storyboard; name = Base; path = Base.lproj/Main.storyboard; sourceTree = "<group>"; };
		835183EB1F6D70FE0049BDA3 /* nature_journal.xcdatamodel */ = {isa = PBXFileReference; lastKnownFileType = wrapper.xcdatamodel; path = nature_journal.xcdatamodel; sourceTree = "<group>"; };
		835183ED1F6D70FE0049BDA3 /* Assets.xcassets */ = {isa = PBXFileReference; lastKnownFileType = folder.assetcatalog; path = Assets.xcassets; sourceTree = "<group>"; };
		835183F01F6D70FE0049BDA3 /* Base */ = {isa = PBXFileReference; lastKnownFileType = file.storyboard; name = Base; path = Base.lproj/LaunchScreen.storyboard; sourceTree = "<group>"; };
		835183F21F6D70FE0049BDA3 /* Info.plist */ = {isa = PBXFileReference; lastKnownFileType = text.plist.xml; path = Info.plist; sourceTree = "<group>"; };
		83B167011F6EC40A00D5D76A /* ItemDetailViewController.swift */ = {isa = PBXFileReference; lastKnownFileType = sourcecode.swift; path = ItemDetailViewController.swift; sourceTree = "<group>"; };
/* End PBXFileReference section */

/* Begin PBXFrameworksBuildPhase section */
		835183DD1F6D70FD0049BDA3 /* Frameworks */ = {
			isa = PBXFrameworksBuildPhase;
			buildActionMask = 2147483647;
			files = (
			);
			runOnlyForDeploymentPostprocessing = 0;
		};
/* End PBXFrameworksBuildPhase section */

/* Begin PBXGroup section */
		835183D71F6D70FD0049BDA3 = {
			isa = PBXGroup;
			children = (
				835183E21F6D70FD0049BDA3 /* nature_journal */,
				835183E11F6D70FD0049BDA3 /* Products */,
			);
			sourceTree = "<group>";
		};
		835183E11F6D70FD0049BDA3 /* Products */ = {
			isa = PBXGroup;
			children = (
				835183E01F6D70FD0049BDA3 /* nature_journal.app */,
			);
			name = Products;
			sourceTree = "<group>";
		};
		835183E21F6D70FD0049BDA3 /* nature_journal */ = {
			isa = PBXGroup;
			children = (
				835183E31F6D70FD0049BDA3 /* AppDelegate.swift */,
				8304E9701F6DB704008E331B /* ItemsTableViewController.swift */,
				83B167011F6EC40A00D5D76A /* ItemDetailViewController.swift */,
				8304E96E1F6DA99E008E331B /* AddViewController.swift */,
				835183E71F6D70FE0049BDA3 /* Main.storyboard */,
				835183ED1F6D70FE0049BDA3 /* Assets.xcassets */,
				835183EF1F6D70FE0049BDA3 /* LaunchScreen.storyboard */,
				835183F21F6D70FE0049BDA3 /* Info.plist */,
				835183EA1F6D70FE0049BDA3 /* nature_journal.xcdatamodeld */,
			);
			path = nature_journal;
			sourceTree = "<group>";
		};
/* End PBXGroup section */

/* Begin PBXNativeTarget section */
		835183DF1F6D70FD0049BDA3 /* nature_journal */ = {
			isa = PBXNativeTarget;
			buildConfigurationList = 835183F51F6D70FE0049BDA3 /* Build configuration list for PBXNativeTarget "nature_journal" */;
			buildPhases = (
				835183DC1F6D70FD0049BDA3 /* Sources */,
				835183DD1F6D70FD0049BDA3 /* Frameworks */,
				835183DE1F6D70FD0049BDA3 /* Resources */,
			);
			buildRules = (
			);
			dependencies = (
			);
			name = nature_journal;
			productName = nature_journal;
			productReference = 835183E01F6D70FD0049BDA3 /* nature_journal.app */;
			productType = "com.apple.product-type.application";
		};
/* End PBXNativeTarget section */

/* Begin PBXProject section */
		835183D81F6D70FD0049BDA3 /* Project object */ = {
			isa = PBXProject;
			attributes = {
				LastSwiftUpdateCheck = 0830;
				LastUpgradeCheck = 0830;
				ORGANIZATIONNAME = "Regina Imhoff";
				TargetAttributes = {
					835183DF1F6D70FD0049BDA3 = {
						CreatedOnToolsVersion = 8.3.3;
						DevelopmentTeam = 84V2A2X743;
						ProvisioningStyle = Automatic;
					};
				};
			};
			buildConfigurationList = 835183DB1F6D70FD0049BDA3 /* Build configuration list for PBXProject "nature_journal" */;
			compatibilityVersion = "Xcode 3.2";
			developmentRegion = English;
			hasScannedForEncodings = 0;
			knownRegions = (
				en,
				Base,
			);
			mainGroup = 835183D71F6D70FD0049BDA3;
			productRefGroup = 835183E11F6D70FD0049BDA3 /* Products */;
			projectDirPath = "";
			projectRoot = "";
			targets = (
				835183DF1F6D70FD0049BDA3 /* nature_journal */,
			);
		};
/* End PBXProject section */

/* Begin PBXResourcesBuildPhase section */
		835183DE1F6D70FD0049BDA3 /* Resources */ = {
			isa = PBXResourcesBuildPhase;
			buildActionMask = 2147483647;
			files = (
				835183F11F6D70FE0049BDA3 /* LaunchScreen.storyboard in Resources */,
				835183EE1F6D70FE0049BDA3 /* Assets.xcassets in Resources */,
				835183E91F6D70FE0049BDA3 /* Main.storyboard in Resources */,
			);
			runOnlyForDeploymentPostprocessing = 0;
		};
/* End PBXResourcesBuildPhase section */

/* Begin PBXSourcesBuildPhase section */
		835183DC1F6D70FD0049BDA3 /* Sources */ = {
			isa = PBXSourcesBuildPhase;
			buildActionMask = 2147483647;
			files = (
				83B167021F6EC40A00D5D76A /* ItemDetailViewController.swift in Sources */,
				835183EC1F6D70FE0049BDA3 /* nature_journal.xcdatamodeld in Sources */,
				835183E41F6D70FD0049BDA3 /* AppDelegate.swift in Sources */,
				8304E9711F6DB704008E331B /* ItemsTableViewController.swift in Sources */,
				8304E96F1F6DA99E008E331B /* AddViewController.swift in Sources */,
			);
			runOnlyForDeploymentPostprocessing = 0;
		};
/* End PBXSourcesBuildPhase section */

/* Begin PBXVariantGroup section */
		835183E71F6D70FE0049BDA3 /* Main.storyboard */ = {
			isa = PBXVariantGroup;
			children = (
				835183E81F6D70FE0049BDA3 /* Base */,
			);
			name = Main.storyboard;
			sourceTree = "<group>";
		};
		835183EF1F6D70FE0049BDA3 /* LaunchScreen.storyboard */ = {
			isa = PBXVariantGroup;
			children = (
				835183F01F6D70FE0049BDA3 /* Base */,
			);
			name = LaunchScreen.storyboard;
			sourceTree = "<group>";
		};
/* End PBXVariantGroup section */

/* Begin XCBuildConfiguration section */
		835183F31F6D70FE0049BDA3 /* Debug */ = {
			isa = XCBuildConfiguration;
			buildSettings = {
				ALWAYS_SEARCH_USER_PATHS = NO;
				CLANG_ANALYZER_NONNULL = YES;
				CLANG_ANALYZER_NUMBER_OBJECT_CONVERSION = YES_AGGRESSIVE;
				CLANG_CXX_LANGUAGE_STANDARD = "gnu++0x";
				CLANG_CXX_LIBRARY = "libc++";
				CLANG_ENABLE_MODULES = YES;
				CLANG_ENABLE_OBJC_ARC = YES;
				CLANG_WARN_BOOL_CONVERSION = YES;
				CLANG_WARN_CONSTANT_CONVERSION = YES;
				CLANG_WARN_DIRECT_OBJC_ISA_USAGE = YES_ERROR;
				CLANG_WARN_DOCUMENTATION_COMMENTS = YES;
				CLANG_WARN_EMPTY_BODY = YES;
				CLANG_WARN_ENUM_CONVERSION = YES;
				CLANG_WARN_INFINITE_RECURSION = YES;
				CLANG_WARN_INT_CONVERSION = YES;
				CLANG_WARN_OBJC_ROOT_CLASS = YES_ERROR;
				CLANG_WARN_SUSPICIOUS_MOVE = YES;
				CLANG_WARN_UNREACHABLE_CODE = YES;
				CLANG_WARN__DUPLICATE_METHOD_MATCH = YES;
				"CODE_SIGN_IDENTITY[sdk=iphoneos*]" = "iPhone Developer";
				COPY_PHASE_STRIP = NO;
				DEBUG_INFORMATION_FORMAT = dwarf;
				ENABLE_STRICT_OBJC_MSGSEND = YES;
				ENABLE_TESTABILITY = YES;
				GCC_C_LANGUAGE_STANDARD = gnu99;
				GCC_DYNAMIC_NO_PIC = NO;
				GCC_NO_COMMON_BLOCKS = YES;
				GCC_OPTIMIZATION_LEVEL = 0;
				GCC_PREPROCESSOR_DEFINITIONS = (
					"DEBUG=1",
					"$(inherited)",
				);
				GCC_WARN_64_TO_32_BIT_CONVERSION = YES;
				GCC_WARN_ABOUT_RETURN_TYPE = YES_ERROR;
				GCC_WARN_UNDECLARED_SELECTOR = YES;
				GCC_WARN_UNINITIALIZED_AUTOS = YES_AGGRESSIVE;
				GCC_WARN_UNUSED_FUNCTION = YES;
				GCC_WARN_UNUSED_VARIABLE = YES;
				IPHONEOS_DEPLOYMENT_TARGET = 10.3;
				MTL_ENABLE_DEBUG_INFO = YES;
				ONLY_ACTIVE_ARCH = YES;
				SDKROOT = iphoneos;
				SWIFT_ACTIVE_COMPILATION_CONDITIONS = DEBUG;
				SWIFT_OPTIMIZATION_LEVEL = "-Onone";
				TARGETED_DEVICE_FAMILY = "1,2";
			};
			name = Debug;
		};
		835183F41F6D70FE0049BDA3 /* Release */ = {
			isa = XCBuildConfiguration;
			buildSettings = {
				ALWAYS_SEARCH_USER_PATHS = NO;
				CLANG_ANALYZER_NONNULL = YES;
				CLANG_ANALYZER_NUMBER_OBJECT_CONVERSION = YES_AGGRESSIVE;
				CLANG_CXX_LANGUAGE_STANDARD = "gnu++0x";
				CLANG_CXX_LIBRARY = "libc++";
				CLANG_ENABLE_MODULES = YES;
				CLANG_ENABLE_OBJC_ARC = YES;
				CLANG_WARN_BOOL_CONVERSION = YES;
				CLANG_WARN_CONSTANT_CONVERSION = YES;
				CLANG_WARN_DIRECT_OBJC_ISA_USAGE = YES_ERROR;
				CLANG_WARN_DOCUMENTATION_COMMENTS = YES;
				CLANG_WARN_EMPTY_BODY = YES;
				CLANG_WARN_ENUM_CONVERSION = YES;
				CLANG_WARN_INFINITE_RECURSION = YES;
				CLANG_WARN_INT_CONVERSION = YES;
				CLANG_WARN_OBJC_ROOT_CLASS = YES_ERROR;
				CLANG_WARN_SUSPICIOUS_MOVE = YES;
				CLANG_WARN_UNREACHABLE_CODE = YES;
				CLANG_WARN__DUPLICATE_METHOD_MATCH = YES;
				"CODE_SIGN_IDENTITY[sdk=iphoneos*]" = "iPhone Developer";
				COPY_PHASE_STRIP = NO;
				DEBUG_INFORMATION_FORMAT = "dwarf-with-dsym";
				ENABLE_NS_ASSERTIONS = NO;
				ENABLE_STRICT_OBJC_MSGSEND = YES;
				GCC_C_LANGUAGE_STANDARD = gnu99;
				GCC_NO_COMMON_BLOCKS = YES;
				GCC_WARN_64_TO_32_BIT_CONVERSION = YES;
				GCC_WARN_ABOUT_RETURN_TYPE = YES_ERROR;
				GCC_WARN_UNDECLARED_SELECTOR = YES;
				GCC_WARN_UNINITIALIZED_AUTOS = YES_AGGRESSIVE;
				GCC_WARN_UNUSED_FUNCTION = YES;
				GCC_WARN_UNUSED_VARIABLE = YES;
				IPHONEOS_DEPLOYMENT_TARGET = 10.3;
				MTL_ENABLE_DEBUG_INFO = NO;
				SDKROOT = iphoneos;
				SWIFT_OPTIMIZATION_LEVEL = "-Owholemodule";
				TARGETED_DEVICE_FAMILY = "1,2";
				VALIDATE_PRODUCT = YES;
			};
			name = Release;
		};
		835183F61F6D70FE0049BDA3 /* Debug */ = {
			isa = XCBuildConfiguration;
			buildSettings = {
				ASSETCATALOG_COMPILER_APPICON_NAME = AppIcon;
				DEVELOPMENT_TEAM = 84V2A2X743;
				INFOPLIST_FILE = nature_journal/Info.plist;
				LD_RUNPATH_SEARCH_PATHS = "$(inherited) @executable_path/Frameworks";
				PRODUCT_BUNDLE_IDENTIFIER = "com.reginaimhoff.nature-journal";
				PRODUCT_NAME = "$(TARGET_NAME)";
				SWIFT_VERSION = 3.0;
			};
			name = Debug;
		};
		835183F71F6D70FE0049BDA3 /* Release */ = {
			isa = XCBuildConfiguration;
			buildSettings = {
				ASSETCATALOG_COMPILER_APPICON_NAME = AppIcon;
				DEVELOPMENT_TEAM = 84V2A2X743;
				INFOPLIST_FILE = nature_journal/Info.plist;
				LD_RUNPATH_SEARCH_PATHS = "$(inherited) @executable_path/Frameworks";
				PRODUCT_BUNDLE_IDENTIFIER = "com.reginaimhoff.nature-journal";
				PRODUCT_NAME = "$(TARGET_NAME)";
				SWIFT_VERSION = 3.0;
			};
			name = Release;
		};
/* End XCBuildConfiguration section */

/* Begin XCConfigurationList section */
		835183DB1F6D70FD0049BDA3 /* Build configuration list for PBXProject "nature_journal" */ = {
			isa = XCConfigurationList;
			buildConfigurations = (
				835183F31F6D70FE0049BDA3 /* Debug */,
				835183F41F6D70FE0049BDA3 /* Release */,
			);
			defaultConfigurationIsVisible = 0;
			defaultConfigurationName = Release;
		};
		835183F51F6D70FE0049BDA3 /* Build configuration list for PBXNativeTarget "nature_journal" */ = {
			isa = XCConfigurationList;
			buildConfigurations = (
				835183F61F6D70FE0049BDA3 /* Debug */,
				835183F71F6D70FE0049BDA3 /* Release */,
			);
			defaultConfigurationIsVisible = 0;
			defaultConfigurationName = Release;
		};
/* End XCConfigurationList section */

/* Begin XCVersionGroup section */
		835183EA1F6D70FE0049BDA3 /* nature_journal.xcdatamodeld */ = {
			isa = XCVersionGroup;
			children = (
				835183EB1F6D70FE0049BDA3 /* nature_journal.xcdatamodel */,
			);
			currentVersion = 835183EB1F6D70FE0049BDA3 /* nature_journal.xcdatamodel */;
			path = nature_journal.xcdatamodeld;
			sourceTree = "<group>";
			versionGroupType = wrapper.xcdatamodel;
		};
/* End XCVersionGroup section */
	};
	rootObject = 835183D81F6D70FD0049BDA3 /* Project object */;
}
